
Microsoft Visual Studio Solution File, Format Version 12.00
# Visual Studio Version 17
VisualStudioVersion = 17.1.32328.378
MinimumVisualStudioVersion = 10.0.40219.1
Project("{FAE04EC0-301F-11D3-BF4B-00C04F79EFBC}") = "CheckersGame", "CheckersGame\CheckersGame.csproj", "{FDBB9E31-3CEC-42D6-9E80-A0C8889089BF}"
EndProject
Project("{FAE04EC0-301F-11D3-BF4B-00C04F79EFBC}") = "TestCheckersGame", "TestCheckersGame\TestCheckersGame.csproj", "{2F100010-8C3E-49F7-84E0-9553EA417BD3}"
EndProject
Global
	GlobalSection(SolutionConfigurationPlatforms) = preSolution
		Debug|Any CPU = Debug|Any CPU
		Release|Any CPU = Release|Any CPU
	EndGlobalSection
	GlobalSection(ProjectConfigurationPlatforms) = postSolution
		{FDBB9E31-3CEC-42D6-9E80-A0C8889089BF}.Debug|Any CPU.ActiveCfg = Debug|Any CPU
		{FDBB9E31-3CEC-42D6-9E80-A0C8889089BF}.Debug|Any CPU.Build.0 = Debug|Any CPU
		{FDBB9E31-3CEC-42D6-9E80-A0C8889089BF}.Release|Any CPU.ActiveCfg = Release|Any CPU
		{FDBB9E31-3CEC-42D6-9E80-A0C8889089BF}.Release|Any CPU.Build.0 = Release|Any CPU
		{2F100010-8C3E-49F7-84E0-9553EA417BD3}.Debug|Any CPU.ActiveCfg = Debug|Any CPU
		{2F100010-8C3E-49F7-84E0-9553EA417BD3}.Debug|Any CPU.Build.0 = Debug|Any CPU
		{2F100010-8C3E-49F7-84E0-9553EA417BD3}.Release|Any CPU.ActiveCfg = Release|Any CPU
		{2F100010-8C3E-49F7-84E0-9553EA417BD3}.Release|Any CPU.Build.0 = Release|Any CPU
	EndGlobalSection
	GlobalSection(SolutionProperties) = preSolution
		HideSolutionNode = FALSE
	EndGlobalSection
	GlobalSection(ExtensibilityGlobals) = postSolution
		SolutionGuid = {33B225F9-7900-4260-9892-DB1025FB1104}
	EndGlobalSection
EndGlobal
